{
	"name": "@hive-flow/api",
	"version": "1.0.0",
	"lockfileVersion": 2,
	"requires": true,
	"packages": {
		"": {
			"name": "@hive-flow/api",
			"version": "1.0.0",
			"license": "ISC",
			"dependencies": {
				"@babel/runtime": "^7.16.7",
				"@gqty/react": "^2.1.0",
				"gqty": "^2.1.0",
				"graphql": "^16.2.0"
			},
			"devDependencies": {
				"@gqty/cli": "^3.0.1",
				"@types/node": "^17.0.7",
				"typescript": "^4.5.4"
			}
		},
		"node_modules/@babel/runtime": {
			"version": "7.16.7",
			"resolved": "https://registry.npmjs.org/@babel/runtime/-/runtime-7.16.7.tgz",
			"integrity": "sha512-9E9FJowqAsytyOY6LG+1KuueckRL+aQW+mKvXRXnuFGyRAyepJPmEo9vgMfXUA6O9u3IeEdv9MAkppFcaQwogQ==",
			"dependencies": {
				"regenerator-runtime": "^0.13.4"
			},
			"engines": {
				"node": ">=6.9.0"
			}
		},
		"node_modules/@gqty/cli": {
			"version": "3.0.1",
			"resolved": "https://registry.npmjs.org/@gqty/cli/-/cli-3.0.1.tgz",
			"integrity": "sha512-/Y4kO9O2DwMkUMrC0hDoiwVsMILEqXyP3UuBWIhCgpPOJzDGwMPMGXmzu/+CV35anKgRjWV+dBE39O5JthYkiA==",
			"dev": true,
			"dependencies": {
				"gqty": "^2.1.0"
			},
			"bin": {
				"gqty": "bin.mjs"
			},
			"engines": {
				"node": "^12.20.0 || >=14.13.0"
			},
			"peerDependencies": {
				"graphql": "*"
			}
		},
		"node_modules/@gqty/react": {
			"version": "2.1.0",
			"resolved": "https://registry.npmjs.org/@gqty/react/-/react-2.1.0.tgz",
			"integrity": "sha512-aTQEE2voYBqvgLhOs1VgBczL/EUVnbYHFzY1HKCNONH+MyLW0SClGXUcAPcHYEAgkfUfJlbM8egPd5cY1aJZDg==",
			"dependencies": {
				"react-ssr-prepass": "^1.4.0"
			},
			"engines": {
				"node": "^12.20.0 || >=14.13.0"
			},
			"peerDependencies": {
				"gqty": "^2.0.4",
				"graphql": "*",
				"react": ">=16.8"
			}
		},
		"node_modules/@types/node": {
			"version": "17.0.7",
			"resolved": "https://registry.npmjs.org/@types/node/-/node-17.0.7.tgz",
			"integrity": "sha512-1QUk+WAUD4t8iR+Oj+UgI8oJa6yyxaB8a8pHaC8uqM6RrS1qbL7bf3Pwl5rHv0psm2CuDErgho6v5N+G+5fwtQ==",
			"dev": true
		},
		"node_modules/gqty": {
			"version": "2.1.0",
			"resolved": "https://registry.npmjs.org/gqty/-/gqty-2.1.0.tgz",
			"integrity": "sha512-ncUvTivsa6hWH9Ro1pKq9GneRqbtL37cxcFtvOrxeHC2JXVQC+f7UHdTdDpkSETSy5U7X4+jGBxXDXTxsTYi9w==",
			"dependencies": {
				"lodash": "^4.17.21"
			},
			"engines": {
				"node": "^12.20.0 || >=14.13.0"
			},
			"peerDependencies": {
				"graphql": "*"
			}
		},
		"node_modules/graphql": {
			"version": "16.2.0",
			"resolved": "https://registry.npmjs.org/graphql/-/graphql-16.2.0.tgz",
			"integrity": "sha512-MuQd7XXrdOcmfwuLwC2jNvx0n3rxIuNYOxUtiee5XOmfrWo613ar2U8pE7aHAKh8VwfpifubpD9IP+EdEAEOsA==",
			"engines": {
				"node": "^12.22.0 || ^14.16.0 || >=16.0.0"
			}
		},
		"node_modules/js-tokens": {
			"version": "4.0.0",
			"resolved": "https://registry.npmjs.org/js-tokens/-/js-tokens-4.0.0.tgz",
			"integrity": "sha512-RdJUflcE3cUzKiMqQgsCu06FPu9UdIJO0beYbPhHN4k6apgJtifcoCtT9bcxOpYBtpD2kCM6Sbzg4CausW/PKQ==",
			"peer": true
		},
		"node_modules/lodash": {
			"version": "4.17.21",
			"resolved": "https://registry.npmjs.org/lodash/-/lodash-4.17.21.tgz",
			"integrity": "sha512-v2kDEe57lecTulaDIuNTPy3Ry4gLGJ6Z1O3vE1krgXZNrsQ+LFTGHVxVjcXPs17LhbZVGedAJv8XZ1tvj5FvSg=="
		},
		"node_modules/loose-envify": {
			"version": "1.4.0",
			"resolved": "https://registry.npmjs.org/loose-envify/-/loose-envify-1.4.0.tgz",
			"integrity": "sha512-lyuxPGr/Wfhrlem2CL/UcnUc1zcqKAImBDzukY7Y5F/yQiNdko6+fRLevlw1HgMySw7f611UIY408EtxRSoK3Q==",
			"peer": true,
			"dependencies": {
				"js-tokens": "^3.0.0 || ^4.0.0"
			},
			"bin": {
				"loose-envify": "cli.js"
			}
		},
		"node_modules/object-assign": {
			"version": "4.1.1",
			"resolved": "https://registry.npmjs.org/object-assign/-/object-assign-4.1.1.tgz",
			"integrity": "sha1-IQmtx5ZYh8/AXLvUQsrIv7s2CGM=",
			"peer": true,
			"engines": {
				"node": ">=0.10.0"
			}
		},
		"node_modules/react": {
			"version": "17.0.2",
			"resolved": "https://registry.npmjs.org/react/-/react-17.0.2.tgz",
			"integrity": "sha512-gnhPt75i/dq/z3/6q/0asP78D0u592D5L1pd7M8P+dck6Fu/jJeL6iVVK23fptSUZj8Vjf++7wXA8UNclGQcbA==",
			"peer": true,
			"dependencies": {
				"loose-envify": "^1.1.0",
				"object-assign": "^4.1.1"
			},
			"engines": {
				"node": ">=0.10.0"
			}
		},
		"node_modules/react-ssr-prepass": {
			"version": "1.4.0",
			"resolved": "https://registry.npmjs.org/react-ssr-prepass/-/react-ssr-prepass-1.4.0.tgz",
			"integrity": "sha512-0SzdmiQUtHvhxCabHg9BI/pkJfijGkQ0jQL6fC4YFy7idaDOuaiQLsajIkkNxffFXtJFHIWFITlve2WB88e0Jw==",
			"peerDependencies": {
				"react": "^16.8.0 || ^17.0.0"
			}
		},
		"node_modules/regenerator-runtime": {
			"version": "0.13.9",
			"resolved": "https://registry.npmjs.org/regenerator-runtime/-/regenerator-runtime-0.13.9.tgz",
			"integrity": "sha512-p3VT+cOEgxFsRRA9X4lkI1E+k2/CtnKtU4gcxyaCUreilL/vqI6CdZ3wxVUx3UOUg+gnUOQQcRI7BmSI656MYA=="
		},
		"node_modules/typescript": {
			"version": "4.5.4",
			"resolved": "https://registry.npmjs.org/typescript/-/typescript-4.5.4.tgz",
			"integrity": "sha512-VgYs2A2QIRuGphtzFV7aQJduJ2gyfTljngLzjpfW9FoYZF6xuw1W0vW9ghCKLfcWrCFxK81CSGRAvS1pn4fIUg==",
			"dev": true,
			"bin": {
				"tsc": "bin/tsc",
				"tsserver": "bin/tsserver"
			},
			"engines": {
				"node": ">=4.2.0"
			}
		}
	},
	"dependencies": {
		"@babel/runtime": {
			"version": "7.16.7",
			"resolved": "https://registry.npmjs.org/@babel/runtime/-/runtime-7.16.7.tgz",
			"integrity": "sha512-9E9FJowqAsytyOY6LG+1KuueckRL+aQW+mKvXRXnuFGyRAyepJPmEo9vgMfXUA6O9u3IeEdv9MAkppFcaQwogQ==",
			"requires": {
				"regenerator-runtime": "^0.13.4"
			}
		},
		"@gqty/cli": {
			"version": "3.0.1",
			"resolved": "https://registry.npmjs.org/@gqty/cli/-/cli-3.0.1.tgz",
			"integrity": "sha512-/Y4kO9O2DwMkUMrC0hDoiwVsMILEqXyP3UuBWIhCgpPOJzDGwMPMGXmzu/+CV35anKgRjWV+dBE39O5JthYkiA==",
			"dev": true,
			"requires": {
				"gqty": "^2.1.0"
			}
		},
		"@gqty/react": {
			"version": "2.1.0",
			"resolved": "https://registry.npmjs.org/@gqty/react/-/react-2.1.0.tgz",
			"integrity": "sha512-aTQEE2voYBqvgLhOs1VgBczL/EUVnbYHFzY1HKCNONH+MyLW0SClGXUcAPcHYEAgkfUfJlbM8egPd5cY1aJZDg==",
			"requires": {
				"react-ssr-prepass": "^1.4.0"
			}
		},
		"@types/node": {
			"version": "17.0.7",
			"resolved": "https://registry.npmjs.org/@types/node/-/node-17.0.7.tgz",
			"integrity": "sha512-1QUk+WAUD4t8iR+Oj+UgI8oJa6yyxaB8a8pHaC8uqM6RrS1qbL7bf3Pwl5rHv0psm2CuDErgho6v5N+G+5fwtQ==",
			"dev": true
		},
		"gqty": {
			"version": "2.1.0",
			"resolved": "https://registry.npmjs.org/gqty/-/gqty-2.1.0.tgz",
			"integrity": "sha512-ncUvTivsa6hWH9Ro1pKq9GneRqbtL37cxcFtvOrxeHC2JXVQC+f7UHdTdDpkSETSy5U7X4+jGBxXDXTxsTYi9w==",
			"requires": {
				"lodash": "^4.17.21"
			}
		},
		"graphql": {
			"version": "16.2.0",
			"resolved": "https://registry.npmjs.org/graphql/-/graphql-16.2.0.tgz",
			"integrity": "sha512-MuQd7XXrdOcmfwuLwC2jNvx0n3rxIuNYOxUtiee5XOmfrWo613ar2U8pE7aHAKh8VwfpifubpD9IP+EdEAEOsA=="
		},
		"js-tokens": {
			"version": "4.0.0",
			"resolved": "https://registry.npmjs.org/js-tokens/-/js-tokens-4.0.0.tgz",
			"integrity": "sha512-RdJUflcE3cUzKiMqQgsCu06FPu9UdIJO0beYbPhHN4k6apgJtifcoCtT9bcxOpYBtpD2kCM6Sbzg4CausW/PKQ==",
			"peer": true
		},
		"lodash": {
			"version": "4.17.21",
			"resolved": "https://registry.npmjs.org/lodash/-/lodash-4.17.21.tgz",
			"integrity": "sha512-v2kDEe57lecTulaDIuNTPy3Ry4gLGJ6Z1O3vE1krgXZNrsQ+LFTGHVxVjcXPs17LhbZVGedAJv8XZ1tvj5FvSg=="
		},
		"loose-envify": {
			"version": "1.4.0",
			"resolved": "https://registry.npmjs.org/loose-envify/-/loose-envify-1.4.0.tgz",
			"integrity": "sha512-lyuxPGr/Wfhrlem2CL/UcnUc1zcqKAImBDzukY7Y5F/yQiNdko6+fRLevlw1HgMySw7f611UIY408EtxRSoK3Q==",
			"peer": true,
			"requires": {
				"js-tokens": "^3.0.0 || ^4.0.0"
			}
		},
		"object-assign": {
			"version": "4.1.1",
			"resolved": "https://registry.npmjs.org/object-assign/-/object-assign-4.1.1.tgz",
			"integrity": "sha1-IQmtx5ZYh8/AXLvUQsrIv7s2CGM=",
			"peer": true
		},
		"react": {
			"version": "17.0.2",
			"resolved": "https://registry.npmjs.org/react/-/react-17.0.2.tgz",
			"integrity": "sha512-gnhPt75i/dq/z3/6q/0asP78D0u592D5L1pd7M8P+dck6Fu/jJeL6iVVK23fptSUZj8Vjf++7wXA8UNclGQcbA==",
			"peer": true,
			"requires": {
				"loose-envify": "^1.1.0",
				"object-assign": "^4.1.1"
			}
		},
		"react-ssr-prepass": {
			"version": "1.4.0",
			"resolved": "https://registry.npmjs.org/react-ssr-prepass/-/react-ssr-prepass-1.4.0.tgz",
			"integrity": "sha512-0SzdmiQUtHvhxCabHg9BI/pkJfijGkQ0jQL6fC4YFy7idaDOuaiQLsajIkkNxffFXtJFHIWFITlve2WB88e0Jw==",
			"requires": {}
		},
		"regenerator-runtime": {
			"version": "0.13.9",
			"resolved": "https://registry.npmjs.org/regenerator-runtime/-/regenerator-runtime-0.13.9.tgz",
			"integrity": "sha512-p3VT+cOEgxFsRRA9X4lkI1E+k2/CtnKtU4gcxyaCUreilL/vqI6CdZ3wxVUx3UOUg+gnUOQQcRI7BmSI656MYA=="
		},
		"typescript": {
			"version": "4.5.4",
			"resolved": "https://registry.npmjs.org/typescript/-/typescript-4.5.4.tgz",
			"integrity": "sha512-VgYs2A2QIRuGphtzFV7aQJduJ2gyfTljngLzjpfW9FoYZF6xuw1W0vW9ghCKLfcWrCFxK81CSGRAvS1pn4fIUg==",
			"dev": true
		}
	}
}
